// !$*UTF8*$!
{
	archiveVersion = 1;
	classes = {
	};
	objectVersion = 56;
	objects = {

/* Begin PBXBuildFile section */
		12997ABB2C3C341D00D92869 /* MockandFake_ExerciseApp.swift in Sources */ = {isa = PBXBuildFile; fileRef = 12997ABA2C3C341D00D92869 /* MockandFake_ExerciseApp.swift */; };
		12997ABD2C3C341D00D92869 /* ContentView.swift in Sources */ = {isa = PBXBuildFile; fileRef = 12997ABC2C3C341D00D92869 /* ContentView.swift */; };
		12997ABF2C3C341F00D92869 /* Assets.xcassets in Resources */ = {isa = PBXBuildFile; fileRef = 12997ABE2C3C341F00D92869 /* Assets.xcassets */; };
		12997AC22C3C341F00D92869 /* Preview Assets.xcassets in Resources */ = {isa = PBXBuildFile; fileRef = 12997AC12C3C341F00D92869 /* Preview Assets.xcassets */; };
		12997ACC2C3C341F00D92869 /* MockandFake_ExerciseTests.swift in Sources */ = {isa = PBXBuildFile; fileRef = 12997ACB2C3C341F00D92869 /* MockandFake_ExerciseTests.swift */; };
		12997AD62C3C341F00D92869 /* MockandFake_ExerciseUITests.swift in Sources */ = {isa = PBXBuildFile; fileRef = 12997AD52C3C341F00D92869 /* MockandFake_ExerciseUITests.swift */; };
		12997AD82C3C341F00D92869 /* MockandFake_ExerciseUITestsLaunchTests.swift in Sources */ = {isa = PBXBuildFile; fileRef = 12997AD72C3C341F00D92869 /* MockandFake_ExerciseUITestsLaunchTests.swift */; };
		12997AE52C3C34AD00D92869 /* Checkout.swift in Sources */ = {isa = PBXBuildFile; fileRef = 12997AE42C3C34AD00D92869 /* Checkout.swift */; };
/* End PBXBuildFile section */

/* Begin PBXContainerItemProxy section */
		12997AC82C3C341F00D92869 /* PBXContainerItemProxy */ = {
			isa = PBXContainerItemProxy;
			containerPortal = 12997AAF2C3C341D00D92869 /* Project object */;
			proxyType = 1;
			remoteGlobalIDString = 12997AB62C3C341D00D92869;
			remoteInfo = "MockandFake-Exercise";
		};
		12997AD22C3C341F00D92869 /* PBXContainerItemProxy */ = {
			isa = PBXContainerItemProxy;
			containerPortal = 12997AAF2C3C341D00D92869 /* Project object */;
			proxyType = 1;
			remoteGlobalIDString = 12997AB62C3C341D00D92869;
			remoteInfo = "MockandFake-Exercise";
		};
/* End PBXContainerItemProxy section */

/* Begin PBXFileReference section */
		12997AB72C3C341D00D92869 /* MockandFake-Exercise.app */ = {isa = PBXFileReference; explicitFileType = wrapper.application; includeInIndex = 0; path = "MockandFake-Exercise.app"; sourceTree = BUILT_PRODUCTS_DIR; };
		12997ABA2C3C341D00D92869 /* MockandFake_ExerciseApp.swift */ = {isa = PBXFileReference; lastKnownFileType = sourcecode.swift; path = MockandFake_ExerciseApp.swift; sourceTree = "<group>"; };
		12997ABC2C3C341D00D92869 /* ContentView.swift */ = {isa = PBXFileReference; lastKnownFileType = sourcecode.swift; path = ContentView.swift; sourceTree = "<group>"; };
		12997ABE2C3C341F00D92869 /* Assets.xcassets */ = {isa = PBXFileReference; lastKnownFileType = folder.assetcatalog; path = Assets.xcassets; sourceTree = "<group>"; };
		12997AC12C3C341F00D92869 /* Preview Assets.xcassets */ = {isa = PBXFileReference; lastKnownFileType = folder.assetcatalog; path = "Preview Assets.xcassets"; sourceTree = "<group>"; };
		12997AC72C3C341F00D92869 /* MockandFake-ExerciseTests.xctest */ = {isa = PBXFileReference; explicitFileType = wrapper.cfbundle; includeInIndex = 0; path = "MockandFake-ExerciseTests.xctest"; sourceTree = BUILT_PRODUCTS_DIR; };
		12997ACB2C3C341F00D92869 /* MockandFake_ExerciseTests.swift */ = {isa = PBXFileReference; lastKnownFileType = sourcecode.swift; path = MockandFake_ExerciseTests.swift; sourceTree = "<group>"; };
		12997AD12C3C341F00D92869 /* MockandFake-ExerciseUITests.xctest */ = {isa = PBXFileReference; explicitFileType = wrapper.cfbundle; includeInIndex = 0; path = "MockandFake-ExerciseUITests.xctest"; sourceTree = BUILT_PRODUCTS_DIR; };
		12997AD52C3C341F00D92869 /* MockandFake_ExerciseUITests.swift */ = {isa = PBXFileReference; lastKnownFileType = sourcecode.swift; path = MockandFake_ExerciseUITests.swift; sourceTree = "<group>"; };
		12997AD72C3C341F00D92869 /* MockandFake_ExerciseUITestsLaunchTests.swift */ = {isa = PBXFileReference; lastKnownFileType = sourcecode.swift; path = MockandFake_ExerciseUITestsLaunchTests.swift; sourceTree = "<group>"; };
		12997AE42C3C34AD00D92869 /* Checkout.swift */ = {isa = PBXFileReference; lastKnownFileType = sourcecode.swift; path = Checkout.swift; sourceTree = "<group>"; };
/* End PBXFileReference section */

/* Begin PBXFrameworksBuildPhase section */
		12997AB42C3C341D00D92869 /* Frameworks */ = {
			isa = PBXFrameworksBuildPhase;
			buildActionMask = 2147483647;
			files = (
			);
			runOnlyForDeploymentPostprocessing = 0;
		};
		12997AC42C3C341F00D92869 /* Frameworks */ = {
			isa = PBXFrameworksBuildPhase;
			buildActionMask = 2147483647;
			files = (
			);
			runOnlyForDeploymentPostprocessing = 0;
		};
		12997ACE2C3C341F00D92869 /* Frameworks */ = {
			isa = PBXFrameworksBuildPhase;
			buildActionMask = 2147483647;
			files = (
			);
			runOnlyForDeploymentPostprocessing = 0;
		};
/* End PBXFrameworksBuildPhase section */

/* Begin PBXGroup section */
		12997AAE2C3C341D00D92869 = {
			isa = PBXGroup;
			children = (
				12997AB92C3C341D00D92869 /* MockandFake-Exercise */,
				12997ACA2C3C341F00D92869 /* MockandFake-ExerciseTests */,
				12997AD42C3C341F00D92869 /* MockandFake-ExerciseUITests */,
				12997AB82C3C341D00D92869 /* Products */,
			);
			sourceTree = "<group>";
		};
		12997AB82C3C341D00D92869 /* Products */ = {
			isa = PBXGroup;
			children = (
				12997AB72C3C341D00D92869 /* MockandFake-Exercise.app */,
				12997AC72C3C341F00D92869 /* MockandFake-ExerciseTests.xctest */,
				12997AD12C3C341F00D92869 /* MockandFake-ExerciseUITests.xctest */,
			);
			name = Products;
			sourceTree = "<group>";
		};
		12997AB92C3C341D00D92869 /* MockandFake-Exercise */ = {
			isa = PBXGroup;
			children = (
				12997ABA2C3C341D00D92869 /* MockandFake_ExerciseApp.swift */,
				12997ABC2C3C341D00D92869 /* ContentView.swift */,
				12997AE42C3C34AD00D92869 /* Checkout.swift */,
				12997ABE2C3C341F00D92869 /* Assets.xcassets */,
				12997AC02C3C341F00D92869 /* Preview Content */,
			);
			path = "MockandFake-Exercise";
			sourceTree = "<group>";
		};
		12997AC02C3C341F00D92869 /* Preview Content */ = {
			isa = PBXGroup;
			children = (
				12997AC12C3C341F00D92869 /* Preview Assets.xcassets */,
			);
			path = "Preview Content";
			sourceTree = "<group>";
		};
		12997ACA2C3C341F00D92869 /* MockandFake-ExerciseTests */ = {
			isa = PBXGroup;
			children = (
				12997ACB2C3C341F00D92869 /* MockandFake_ExerciseTests.swift */,
			);
			path = "MockandFake-ExerciseTests";
			sourceTree = "<group>";
		};
		12997AD42C3C341F00D92869 /* MockandFake-ExerciseUITests */ = {
			isa = PBXGroup;
			children = (
				12997AD52C3C341F00D92869 /* MockandFake_ExerciseUITests.swift */,
				12997AD72C3C341F00D92869 /* MockandFake_ExerciseUITestsLaunchTests.swift */,
			);
			path = "MockandFake-ExerciseUITests";
			sourceTree = "<group>";
		};
/* End PBXGroup section */

/* Begin PBXNativeTarget section */
		12997AB62C3C341D00D92869 /* MockandFake-Exercise */ = {
			isa = PBXNativeTarget;
			buildConfigurationList = 12997ADB2C3C341F00D92869 /* Build configuration list for PBXNativeTarget "MockandFake-Exercise" */;
			buildPhases = (
				12997AB32C3C341D00D92869 /* Sources */,
				12997AB42C3C341D00D92869 /* Frameworks */,
				12997AB52C3C341D00D92869 /* Resources */,
			);
			buildRules = (
			);
			dependencies = (
			);
			name = "MockandFake-Exercise";
			productName = "MockandFake-Exercise";
			productReference = 12997AB72C3C341D00D92869 /* MockandFake-Exercise.app */;
			productType = "com.apple.product-type.application";
		};
		12997AC62C3C341F00D92869 /* MockandFake-ExerciseTests */ = {
			isa = PBXNativeTarget;
			buildConfigurationList = 12997ADE2C3C341F00D92869 /* Build configuration list for PBXNativeTarget "MockandFake-ExerciseTests" */;
			buildPhases = (
				12997AC32C3C341F00D92869 /* Sources */,
				12997AC42C3C341F00D92869 /* Frameworks */,
				12997AC52C3C341F00D92869 /* Resources */,
			);
			buildRules = (
			);
			dependencies = (
				12997AC92C3C341F00D92869 /* PBXTargetDependency */,
			);
			name = "MockandFake-ExerciseTests";
			productName = "MockandFake-ExerciseTests";
			productReference = 12997AC72C3C341F00D92869 /* MockandFake-ExerciseTests.xctest */;
			productType = "com.apple.product-type.bundle.unit-test";
		};
		12997AD02C3C341F00D92869 /* MockandFake-ExerciseUITests */ = {
			isa = PBXNativeTarget;
			buildConfigurationList = 12997AE12C3C341F00D92869 /* Build configuration list for PBXNativeTarget "MockandFake-ExerciseUITests" */;
			buildPhases = (
				12997ACD2C3C341F00D92869 /* Sources */,
				12997ACE2C3C341F00D92869 /* Frameworks */,
				12997ACF2C3C341F00D92869 /* Resources */,
			);
			buildRules = (
			);
			dependencies = (
				12997AD32C3C341F00D92869 /* PBXTargetDependency */,
			);
			name = "MockandFake-ExerciseUITests";
			productName = "MockandFake-ExerciseUITests";
			productReference = 12997AD12C3C341F00D92869 /* MockandFake-ExerciseUITests.xctest */;
			productType = "com.apple.product-type.bundle.ui-testing";
		};
/* End PBXNativeTarget section */

/* Begin PBXProject section */
		12997AAF2C3C341D00D92869 /* Project object */ = {
			isa = PBXProject;
			attributes = {
				BuildIndependentTargetsInParallel = 1;
				LastSwiftUpdateCheck = 1530;
				LastUpgradeCheck = 1530;
				TargetAttributes = {
					12997AB62C3C341D00D92869 = {
						CreatedOnToolsVersion = 15.3;
					};
					12997AC62C3C341F00D92869 = {
						CreatedOnToolsVersion = 15.3;
						TestTargetID = 12997AB62C3C341D00D92869;
					};
					12997AD02C3C341F00D92869 = {
						CreatedOnToolsVersion = 15.3;
						TestTargetID = 12997AB62C3C341D00D92869;
					};
				};
			};
			buildConfigurationList = 12997AB22C3C341D00D92869 /* Build configuration list for PBXProject "MockandFake-Exercise" */;
			compatibilityVersion = "Xcode 14.0";
			developmentRegion = en;
			hasScannedForEncodings = 0;
			knownRegions = (
				en,
				Base,
			);
			mainGroup = 12997AAE2C3C341D00D92869;
			productRefGroup = 12997AB82C3C341D00D92869 /* Products */;
			projectDirPath = "";
			projectRoot = "";
			targets = (
				12997AB62C3C341D00D92869 /* MockandFake-Exercise */,
				12997AC62C3C341F00D92869 /* MockandFake-ExerciseTests */,
				12997AD02C3C341F00D92869 /* MockandFake-ExerciseUITests */,
			);
		};
/* End PBXProject section */

/* Begin PBXResourcesBuildPhase section */
		12997AB52C3C341D00D92869 /* Resources */ = {
			isa = PBXResourcesBuildPhase;
			buildActionMask = 2147483647;
			files = (
				12997AC22C3C341F00D92869 /* Preview Assets.xcassets in Resources */,
				12997ABF2C3C341F00D92869 /* Assets.xcassets in Resources */,
			);
			runOnlyForDeploymentPostprocessing = 0;
		};
		12997AC52C3C341F00D92869 /* Resources */ = {
			isa = PBXResourcesBuildPhase;
			buildActionMask = 2147483647;
			files = (
			);
			runOnlyForDeploymentPostprocessing = 0;
		};
		12997ACF2C3C341F00D92869 /* Resources */ = {
			isa = PBXResourcesBuildPhase;
			buildActionMask = 2147483647;
			files = (
			);
			runOnlyForDeploymentPostprocessing = 0;
		};
/* End PBXResourcesBuildPhase section */

/* Begin PBXSourcesBuildPhase section */
		12997AB32C3C341D00D92869 /* Sources */ = {
			isa = PBXSourcesBuildPhase;
			buildActionMask = 2147483647;
			files = (
				12997AE52C3C34AD00D92869 /* Checkout.swift in Sources */,
				12997ABD2C3C341D00D92869 /* ContentView.swift in Sources */,
				12997ABB2C3C341D00D92869 /* MockandFake_ExerciseApp.swift in Sources */,
			);
			runOnlyForDeploymentPostprocessing = 0;
		};
		12997AC32C3C341F00D92869 /* Sources */ = {
			isa = PBXSourcesBuildPhase;
			buildActionMask = 2147483647;
			files = (
				12997ACC2C3C341F00D92869 /* MockandFake_ExerciseTests.swift in Sources */,
			);
			runOnlyForDeploymentPostprocessing = 0;
		};
		12997ACD2C3C341F00D92869 /* Sources */ = {
			isa = PBXSourcesBuildPhase;
			buildActionMask = 2147483647;
			files = (
				12997AD62C3C341F00D92869 /* MockandFake_ExerciseUITests.swift in Sources */,
				12997AD82C3C341F00D92869 /* MockandFake_ExerciseUITestsLaunchTests.swift in Sources */,
			);
			runOnlyForDeploymentPostprocessing = 0;
		};
/* End PBXSourcesBuildPhase section */

/* Begin PBXTargetDependency section */
		12997AC92C3C341F00D92869 /* PBXTargetDependency */ = {
			isa = PBXTargetDependency;
			target = 12997AB62C3C341D00D92869 /* MockandFake-Exercise */;
			targetProxy = 12997AC82C3C341F00D92869 /* PBXContainerItemProxy */;
		};
		12997AD32C3C341F00D92869 /* PBXTargetDependency */ = {
			isa = PBXTargetDependency;
			target = 12997AB62C3C341D00D92869 /* MockandFake-Exercise */;
			targetProxy = 12997AD22C3C341F00D92869 /* PBXContainerItemProxy */;
		};
/* End PBXTargetDependency section */

/* Begin XCBuildConfiguration section */
		12997AD92C3C341F00D92869 /* Debug */ = {
			isa = XCBuildConfiguration;
			buildSettings = {
				ALWAYS_SEARCH_USER_PATHS = NO;
				ASSETCATALOG_COMPILER_GENERATE_SWIFT_ASSET_SYMBOL_EXTENSIONS = YES;
				CLANG_ANALYZER_NONNULL = YES;
				CLANG_ANALYZER_NUMBER_OBJECT_CONVERSION = YES_AGGRESSIVE;
				CLANG_CXX_LANGUAGE_STANDARD = "gnu++20";
				CLANG_ENABLE_MODULES = YES;
				CLANG_ENABLE_OBJC_ARC = YES;
				CLANG_ENABLE_OBJC_WEAK = YES;
				CLANG_WARN_BLOCK_CAPTURE_AUTORELEASING = YES;
				CLANG_WARN_BOOL_CONVERSION = YES;
				CLANG_WARN_COMMA = YES;
				CLANG_WARN_CONSTANT_CONVERSION = YES;
				CLANG_WARN_DEPRECATED_OBJC_IMPLEMENTATIONS = YES;
				CLANG_WARN_DIRECT_OBJC_ISA_USAGE = YES_ERROR;
				CLANG_WARN_DOCUMENTATION_COMMENTS = YES;
				CLANG_WARN_EMPTY_BODY = YES;
				CLANG_WARN_ENUM_CONVERSION = YES;
				CLANG_WARN_INFINITE_RECURSION = YES;
				CLANG_WARN_INT_CONVERSION = YES;
				CLANG_WARN_NON_LITERAL_NULL_CONVERSION = YES;
				CLANG_WARN_OBJC_IMPLICIT_RETAIN_SELF = YES;
				CLANG_WARN_OBJC_LITERAL_CONVERSION = YES;
				CLANG_WARN_OBJC_ROOT_CLASS = YES_ERROR;
				CLANG_WARN_QUOTED_INCLUDE_IN_FRAMEWORK_HEADER = YES;
				CLANG_WARN_RANGE_LOOP_ANALYSIS = YES;
				CLANG_WARN_STRICT_PROTOTYPES = YES;
				CLANG_WARN_SUSPICIOUS_MOVE = YES;
				CLANG_WARN_UNGUARDED_AVAILABILITY = YES_AGGRESSIVE;
				CLANG_WARN_UNREACHABLE_CODE = YES;
				CLANG_WARN__DUPLICATE_METHOD_MATCH = YES;
				COPY_PHASE_STRIP = NO;
				DEBUG_INFORMATION_FORMAT = dwarf;
				ENABLE_STRICT_OBJC_MSGSEND = YES;
				ENABLE_TESTABILITY = YES;
				ENABLE_USER_SCRIPT_SANDBOXING = YES;
				GCC_C_LANGUAGE_STANDARD = gnu17;
				GCC_DYNAMIC_NO_PIC = NO;
				GCC_NO_COMMON_BLOCKS = YES;
				GCC_OPTIMIZATION_LEVEL = 0;
				GCC_PREPROCESSOR_DEFINITIONS = (
					"DEBUG=1",
					"$(inherited)",
				);
				GCC_WARN_64_TO_32_BIT_CONVERSION = YES;
				GCC_WARN_ABOUT_RETURN_TYPE = YES_ERROR;
				GCC_WARN_UNDECLARED_SELECTOR = YES;
				GCC_WARN_UNINITIALIZED_AUTOS = YES_AGGRESSIVE;
				GCC_WARN_UNUSED_FUNCTION = YES;
				GCC_WARN_UNUSED_VARIABLE = YES;
				IPHONEOS_DEPLOYMENT_TARGET = 17.4;
				LOCALIZATION_PREFERS_STRING_CATALOGS = YES;
				MTL_ENABLE_DEBUG_INFO = INCLUDE_SOURCE;
				MTL_FAST_MATH = YES;
				ONLY_ACTIVE_ARCH = YES;
				SDKROOT = iphoneos;
				SWIFT_ACTIVE_COMPILATION_CONDITIONS = "DEBUG $(inherited)";
				SWIFT_OPTIMIZATION_LEVEL = "-Onone";
			};
			name = Debug;
		};
		12997ADA2C3C341F00D92869 /* Release */ = {
			isa = XCBuildConfiguration;
			buildSettings = {
				ALWAYS_SEARCH_USER_PATHS = NO;
				ASSETCATALOG_COMPILER_GENERATE_SWIFT_ASSET_SYMBOL_EXTENSIONS = YES;
				CLANG_ANALYZER_NONNULL = YES;
				CLANG_ANALYZER_NUMBER_OBJECT_CONVERSION = YES_AGGRESSIVE;
				CLANG_CXX_LANGUAGE_STANDARD = "gnu++20";
				CLANG_ENABLE_MODULES = YES;
				CLANG_ENABLE_OBJC_ARC = YES;
				CLANG_ENABLE_OBJC_WEAK = YES;
				CLANG_WARN_BLOCK_CAPTURE_AUTORELEASING = YES;
				CLANG_WARN_BOOL_CONVERSION = YES;
				CLANG_WARN_COMMA = YES;
				CLANG_WARN_CONSTANT_CONVERSION = YES;
				CLANG_WARN_DEPRECATED_OBJC_IMPLEMENTATIONS = YES;
				CLANG_WARN_DIRECT_OBJC_ISA_USAGE = YES_ERROR;
				CLANG_WARN_DOCUMENTATION_COMMENTS = YES;
				CLANG_WARN_EMPTY_BODY = YES;
				CLANG_WARN_ENUM_CONVERSION = YES;
				CLANG_WARN_INFINITE_RECURSION = YES;
				CLANG_WARN_INT_CONVERSION = YES;
				CLANG_WARN_NON_LITERAL_NULL_CONVERSION = YES;
				CLANG_WARN_OBJC_IMPLICIT_RETAIN_SELF = YES;
				CLANG_WARN_OBJC_LITERAL_CONVERSION = YES;
				CLANG_WARN_OBJC_ROOT_CLASS = YES_ERROR;
				CLANG_WARN_QUOTED_INCLUDE_IN_FRAMEWORK_HEADER = YES;
				CLANG_WARN_RANGE_LOOP_ANALYSIS = YES;
				CLANG_WARN_STRICT_PROTOTYPES = YES;
				CLANG_WARN_SUSPICIOUS_MOVE = YES;
				CLANG_WARN_UNGUARDED_AVAILABILITY = YES_AGGRESSIVE;
				CLANG_WARN_UNREACHABLE_CODE = YES;
				CLANG_WARN__DUPLICATE_METHOD_MATCH = YES;
				COPY_PHASE_STRIP = NO;
				DEBUG_INFORMATION_FORMAT = "dwarf-with-dsym";
				ENABLE_NS_ASSERTIONS = NO;
				ENABLE_STRICT_OBJC_MSGSEND = YES;
				ENABLE_USER_SCRIPT_SANDBOXING = YES;
				GCC_C_LANGUAGE_STANDARD = gnu17;
				GCC_NO_COMMON_BLOCKS = YES;
				GCC_WARN_64_TO_32_BIT_CONVERSION = YES;
				GCC_WARN_ABOUT_RETURN_TYPE = YES_ERROR;
				GCC_WARN_UNDECLARED_SELECTOR = YES;
				GCC_WARN_UNINITIALIZED_AUTOS = YES_AGGRESSIVE;
				GCC_WARN_UNUSED_FUNCTION = YES;
				GCC_WARN_UNUSED_VARIABLE = YES;
				IPHONEOS_DEPLOYMENT_TARGET = 17.4;
				LOCALIZATION_PREFERS_STRING_CATALOGS = YES;
				MTL_ENABLE_DEBUG_INFO = NO;
				MTL_FAST_MATH = YES;
				SDKROOT = iphoneos;
				SWIFT_COMPILATION_MODE = wholemodule;
				VALIDATE_PRODUCT = YES;
			};
			name = Release;
		};
		12997ADC2C3C341F00D92869 /* Debug */ = {
			isa = XCBuildConfiguration;
			buildSettings = {
				ASSETCATALOG_COMPILER_APPICON_NAME = AppIcon;
				ASSETCATALOG_COMPILER_GLOBAL_ACCENT_COLOR_NAME = AccentColor;
				CODE_SIGN_STYLE = Automatic;
				CURRENT_PROJECT_VERSION = 1;
				DEVELOPMENT_ASSET_PATHS = "\"MockandFake-Exercise/Preview Content\"";
				ENABLE_PREVIEWS = YES;
				GENERATE_INFOPLIST_FILE = YES;
				INFOPLIST_KEY_UIApplicationSceneManifest_Generation = YES;
				INFOPLIST_KEY_UIApplicationSupportsIndirectInputEvents = YES;
				INFOPLIST_KEY_UILaunchScreen_Generation = YES;
				INFOPLIST_KEY_UISupportedInterfaceOrientations_iPad = "UIInterfaceOrientationPortrait UIInterfaceOrientationPortraitUpsideDown UIInterfaceOrientationLandscapeLeft UIInterfaceOrientationLandscapeRight";
				INFOPLIST_KEY_UISupportedInterfaceOrientations_iPhone = "UIInterfaceOrientationPortrait UIInterfaceOrientationLandscapeLeft UIInterfaceOrientationLandscapeRight";
				LD_RUNPATH_SEARCH_PATHS = (
					"$(inherited)",
					"@executable_path/Frameworks",
				);
				MARKETING_VERSION = 1.0;
				PRODUCT_BUNDLE_IDENTIFIER = "Simiel.MockandFake-Exercise";
				PRODUCT_NAME = "$(TARGET_NAME)";
				SWIFT_EMIT_LOC_STRINGS = YES;
				SWIFT_VERSION = 5.0;
				TARGETED_DEVICE_FAMILY = "1,2";
			};
			name = Debug;
		};
		12997ADD2C3C341F00D92869 /* Release */ = {
			isa = XCBuildConfiguration;
			buildSettings = {
				ASSETCATALOG_COMPILER_APPICON_NAME = AppIcon;
				ASSETCATALOG_COMPILER_GLOBAL_ACCENT_COLOR_NAME = AccentColor;
				CODE_SIGN_STYLE = Automatic;
				CURRENT_PROJECT_VERSION = 1;
				DEVELOPMENT_ASSET_PATHS = "\"MockandFake-Exercise/Preview Content\"";
				ENABLE_PREVIEWS = YES;
				GENERATE_INFOPLIST_FILE = YES;
				INFOPLIST_KEY_UIApplicationSceneManifest_Generation = YES;
				INFOPLIST_KEY_UIApplicationSupportsIndirectInputEvents = YES;
				INFOPLIST_KEY_UILaunchScreen_Generation = YES;
				INFOPLIST_KEY_UISupportedInterfaceOrientations_iPad = "UIInterfaceOrientationPortrait UIInterfaceOrientationPortraitUpsideDown UIInterfaceOrientationLandscapeLeft UIInterfaceOrientationLandscapeRight";
				INFOPLIST_KEY_UISupportedInterfaceOrientations_iPhone = "UIInterfaceOrientationPortrait UIInterfaceOrientationLandscapeLeft UIInterfaceOrientationLandscapeRight";
				LD_RUNPATH_SEARCH_PATHS = (
					"$(inherited)",
					"@executable_path/Frameworks",
				);
				MARKETING_VERSION = 1.0;
				PRODUCT_BUNDLE_IDENTIFIER = "Simiel.MockandFake-Exercise";
				PRODUCT_NAME = "$(TARGET_NAME)";
				SWIFT_EMIT_LOC_STRINGS = YES;
				SWIFT_VERSION = 5.0;
				TARGETED_DEVICE_FAMILY = "1,2";
			};
			name = Release;
		};
		12997ADF2C3C341F00D92869 /* Debug */ = {
			isa = XCBuildConfiguration;
			buildSettings = {
				ALWAYS_EMBED_SWIFT_STANDARD_LIBRARIES = YES;
				BUNDLE_LOADER = "$(TEST_HOST)";
				CODE_SIGN_STYLE = Automatic;
				CURRENT_PROJECT_VERSION = 1;
				GENERATE_INFOPLIST_FILE = YES;
				IPHONEOS_DEPLOYMENT_TARGET = 17.4;
				MARKETING_VERSION = 1.0;
				PRODUCT_BUNDLE_IDENTIFIER = "Simiel.MockandFake-ExerciseTests";
				PRODUCT_NAME = "$(TARGET_NAME)";
				SWIFT_EMIT_LOC_STRINGS = NO;
				SWIFT_VERSION = 5.0;
				TARGETED_DEVICE_FAMILY = "1,2";
				TEST_HOST = "$(BUILT_PRODUCTS_DIR)/MockandFake-Exercise.app/$(BUNDLE_EXECUTABLE_FOLDER_PATH)/MockandFake-Exercise";
			};
			name = Debug;
		};
		12997AE02C3C341F00D92869 /* Release */ = {
			isa = XCBuildConfiguration;
			buildSettings = {
				ALWAYS_EMBED_SWIFT_STANDARD_LIBRARIES = YES;
				BUNDLE_LOADER = "$(TEST_HOST)";
				CODE_SIGN_STYLE = Automatic;
				CURRENT_PROJECT_VERSION = 1;
				GENERATE_INFOPLIST_FILE = YES;
				IPHONEOS_DEPLOYMENT_TARGET = 17.4;
				MARKETING_VERSION = 1.0;
				PRODUCT_BUNDLE_IDENTIFIER = "Simiel.MockandFake-ExerciseTests";
				PRODUCT_NAME = "$(TARGET_NAME)";
				SWIFT_EMIT_LOC_STRINGS = NO;
				SWIFT_VERSION = 5.0;
				TARGETED_DEVICE_FAMILY = "1,2";
				TEST_HOST = "$(BUILT_PRODUCTS_DIR)/MockandFake-Exercise.app/$(BUNDLE_EXECUTABLE_FOLDER_PATH)/MockandFake-Exercise";
			};
			name = Release;
		};
		12997AE22C3C341F00D92869 /* Debug */ = {
			isa = XCBuildConfiguration;
			buildSettings = {
				ALWAYS_EMBED_SWIFT_STANDARD_LIBRARIES = YES;
				CODE_SIGN_STYLE = Automatic;
				CURRENT_PROJECT_VERSION = 1;
				GENERATE_INFOPLIST_FILE = YES;
				MARKETING_VERSION = 1.0;
				PRODUCT_BUNDLE_IDENTIFIER = "Simiel.MockandFake-ExerciseUITests";
				PRODUCT_NAME = "$(TARGET_NAME)";
				SWIFT_EMIT_LOC_STRINGS = NO;
				SWIFT_VERSION = 5.0;
				TARGETED_DEVICE_FAMILY = "1,2";
				TEST_TARGET_NAME = "MockandFake-Exercise";
			};
			name = Debug;
		};
		12997AE32C3C341F00D92869 /* Release */ = {
			isa = XCBuildConfiguration;
			buildSettings = {
				ALWAYS_EMBED_SWIFT_STANDARD_LIBRARIES = YES;
				CODE_SIGN_STYLE = Automatic;
				CURRENT_PROJECT_VERSION = 1;
				GENERATE_INFOPLIST_FILE = YES;
				MARKETING_VERSION = 1.0;
				PRODUCT_BUNDLE_IDENTIFIER = "Simiel.MockandFake-ExerciseUITests";
				PRODUCT_NAME = "$(TARGET_NAME)";
				SWIFT_EMIT_LOC_STRINGS = NO;
				SWIFT_VERSION = 5.0;
				TARGETED_DEVICE_FAMILY = "1,2";
				TEST_TARGET_NAME = "MockandFake-Exercise";
			};
			name = Release;
		};
/* End XCBuildConfiguration section */

/* Begin XCConfigurationList section */
		12997AB22C3C341D00D92869 /* Build configuration list for PBXProject "MockandFake-Exercise" */ = {
			isa = XCConfigurationList;
			buildConfigurations = (
				12997AD92C3C341F00D92869 /* Debug */,
				12997ADA2C3C341F00D92869 /* Release */,
			);
			defaultConfigurationIsVisible = 0;
			defaultConfigurationName = Release;
		};
		12997ADB2C3C341F00D92869 /* Build configuration list for PBXNativeTarget "MockandFake-Exercise" */ = {
			isa = XCConfigurationList;
			buildConfigurations = (
				12997ADC2C3C341F00D92869 /* Debug */,
				12997ADD2C3C341F00D92869 /* Release */,
			);
			defaultConfigurationIsVisible = 0;
			defaultConfigurationName = Release;
		};
		12997ADE2C3C341F00D92869 /* Build configuration list for PBXNativeTarget "MockandFake-ExerciseTests" */ = {
			isa = XCConfigurationList;
			buildConfigurations = (
				12997ADF2C3C341F00D92869 /* Debug */,
				12997AE02C3C341F00D92869 /* Release */,
			);
			defaultConfigurationIsVisible = 0;
			defaultConfigurationName = Release;
		};
		12997AE12C3C341F00D92869 /* Build configuration list for PBXNativeTarget "MockandFake-ExerciseUITests" */ = {
			isa = XCConfigurationList;
			buildConfigurations = (
				12997AE22C3C341F00D92869 /* Debug */,
				12997AE32C3C341F00D92869 /* Release */,
			);
			defaultConfigurationIsVisible = 0;
			defaultConfigurationName = Release;
		};
/* End XCConfigurationList section */
	};
	rootObject = 12997AAF2C3C341D00D92869 /* Project object */;
}
