// !$*UTF8*$!
{
	archiveVersion = 1;
	classes = {
	};
	objectVersion = 56;
	objects = {

/* Begin PBXBuildFile section */
		12DD79F12BE6D4FA006C71D3 /* Little_Lemon_Text_TutorialApp.swift in Sources */ = {isa = PBXBuildFile; fileRef = 12DD79F02BE6D4FA006C71D3 /* Little_Lemon_Text_TutorialApp.swift */; };
		12DD79F32BE6D4FA006C71D3 /* ContentView.swift in Sources */ = {isa = PBXBuildFile; fileRef = 12DD79F22BE6D4FA006C71D3 /* ContentView.swift */; };
		12DD79F52BE6D4FB006C71D3 /* Assets.xcassets in Resources */ = {isa = PBXBuildFile; fileRef = 12DD79F42BE6D4FB006C71D3 /* Assets.xcassets */; };
		12DD79F82BE6D4FB006C71D3 /* Preview Assets.xcassets in Resources */ = {isa = PBXBuildFile; fileRef = 12DD79F72BE6D4FB006C71D3 /* Preview Assets.xcassets */; };
		12DD7A022BE6D4FC006C71D3 /* Little_Lemon_Text_TutorialTests.swift in Sources */ = {isa = PBXBuildFile; fileRef = 12DD7A012BE6D4FC006C71D3 /* Little_Lemon_Text_TutorialTests.swift */; };
		12DD7A0C2BE6D4FC006C71D3 /* Little_Lemon_Text_TutorialUITests.swift in Sources */ = {isa = PBXBuildFile; fileRef = 12DD7A0B2BE6D4FC006C71D3 /* Little_Lemon_Text_TutorialUITests.swift */; };
		12DD7A0E2BE6D4FC006C71D3 /* Little_Lemon_Text_TutorialUITestsLaunchTests.swift in Sources */ = {isa = PBXBuildFile; fileRef = 12DD7A0D2BE6D4FC006C71D3 /* Little_Lemon_Text_TutorialUITestsLaunchTests.swift */; };
		12DD7A1B2BE6D5E4006C71D3 /* ReservationForm.swift in Sources */ = {isa = PBXBuildFile; fileRef = 12DD7A1A2BE6D5E4006C71D3 /* ReservationForm.swift */; };
		12DD7A1D2BE783A0006C71D3 /* MainView.swift in Sources */ = {isa = PBXBuildFile; fileRef = 12DD7A1C2BE783A0006C71D3 /* MainView.swift */; };
		12DD7A1F2BE788A1006C71D3 /* ControlsView.swift in Sources */ = {isa = PBXBuildFile; fileRef = 12DD7A1E2BE788A1006C71D3 /* ControlsView.swift */; };
/* End PBXBuildFile section */

/* Begin PBXContainerItemProxy section */
		12DD79FE2BE6D4FC006C71D3 /* PBXContainerItemProxy */ = {
			isa = PBXContainerItemProxy;
			containerPortal = 12DD79E52BE6D4FA006C71D3 /* Project object */;
			proxyType = 1;
			remoteGlobalIDString = 12DD79EC2BE6D4FA006C71D3;
			remoteInfo = "Little Lemon Text Tutorial";
		};
		12DD7A082BE6D4FC006C71D3 /* PBXContainerItemProxy */ = {
			isa = PBXContainerItemProxy;
			containerPortal = 12DD79E52BE6D4FA006C71D3 /* Project object */;
			proxyType = 1;
			remoteGlobalIDString = 12DD79EC2BE6D4FA006C71D3;
			remoteInfo = "Little Lemon Text Tutorial";
		};
/* End PBXContainerItemProxy section */

/* Begin PBXFileReference section */
		12DD79ED2BE6D4FA006C71D3 /* Little Lemon Text Tutorial.app */ = {isa = PBXFileReference; explicitFileType = wrapper.application; includeInIndex = 0; path = "Little Lemon Text Tutorial.app"; sourceTree = BUILT_PRODUCTS_DIR; };
		12DD79F02BE6D4FA006C71D3 /* Little_Lemon_Text_TutorialApp.swift */ = {isa = PBXFileReference; lastKnownFileType = sourcecode.swift; path = Little_Lemon_Text_TutorialApp.swift; sourceTree = "<group>"; };
		12DD79F22BE6D4FA006C71D3 /* ContentView.swift */ = {isa = PBXFileReference; lastKnownFileType = sourcecode.swift; path = ContentView.swift; sourceTree = "<group>"; };
		12DD79F42BE6D4FB006C71D3 /* Assets.xcassets */ = {isa = PBXFileReference; lastKnownFileType = folder.assetcatalog; path = Assets.xcassets; sourceTree = "<group>"; };
		12DD79F72BE6D4FB006C71D3 /* Preview Assets.xcassets */ = {isa = PBXFileReference; lastKnownFileType = folder.assetcatalog; path = "Preview Assets.xcassets"; sourceTree = "<group>"; };
		12DD79FD2BE6D4FC006C71D3 /* Little Lemon Text TutorialTests.xctest */ = {isa = PBXFileReference; explicitFileType = wrapper.cfbundle; includeInIndex = 0; path = "Little Lemon Text TutorialTests.xctest"; sourceTree = BUILT_PRODUCTS_DIR; };
		12DD7A012BE6D4FC006C71D3 /* Little_Lemon_Text_TutorialTests.swift */ = {isa = PBXFileReference; lastKnownFileType = sourcecode.swift; path = Little_Lemon_Text_TutorialTests.swift; sourceTree = "<group>"; };
		12DD7A072BE6D4FC006C71D3 /* Little Lemon Text TutorialUITests.xctest */ = {isa = PBXFileReference; explicitFileType = wrapper.cfbundle; includeInIndex = 0; path = "Little Lemon Text TutorialUITests.xctest"; sourceTree = BUILT_PRODUCTS_DIR; };
		12DD7A0B2BE6D4FC006C71D3 /* Little_Lemon_Text_TutorialUITests.swift */ = {isa = PBXFileReference; lastKnownFileType = sourcecode.swift; path = Little_Lemon_Text_TutorialUITests.swift; sourceTree = "<group>"; };
		12DD7A0D2BE6D4FC006C71D3 /* Little_Lemon_Text_TutorialUITestsLaunchTests.swift */ = {isa = PBXFileReference; lastKnownFileType = sourcecode.swift; path = Little_Lemon_Text_TutorialUITestsLaunchTests.swift; sourceTree = "<group>"; };
		12DD7A1A2BE6D5E4006C71D3 /* ReservationForm.swift */ = {isa = PBXFileReference; lastKnownFileType = sourcecode.swift; path = ReservationForm.swift; sourceTree = "<group>"; };
		12DD7A1C2BE783A0006C71D3 /* MainView.swift */ = {isa = PBXFileReference; lastKnownFileType = sourcecode.swift; path = MainView.swift; sourceTree = "<group>"; };
		12DD7A1E2BE788A1006C71D3 /* ControlsView.swift */ = {isa = PBXFileReference; lastKnownFileType = sourcecode.swift; path = ControlsView.swift; sourceTree = "<group>"; };
/* End PBXFileReference section */

/* Begin PBXFrameworksBuildPhase section */
		12DD79EA2BE6D4FA006C71D3 /* Frameworks */ = {
			isa = PBXFrameworksBuildPhase;
			buildActionMask = 2147483647;
			files = (
			);
			runOnlyForDeploymentPostprocessing = 0;
		};
		12DD79FA2BE6D4FC006C71D3 /* Frameworks */ = {
			isa = PBXFrameworksBuildPhase;
			buildActionMask = 2147483647;
			files = (
			);
			runOnlyForDeploymentPostprocessing = 0;
		};
		12DD7A042BE6D4FC006C71D3 /* Frameworks */ = {
			isa = PBXFrameworksBuildPhase;
			buildActionMask = 2147483647;
			files = (
			);
			runOnlyForDeploymentPostprocessing = 0;
		};
/* End PBXFrameworksBuildPhase section */

/* Begin PBXGroup section */
		12DD79E42BE6D4FA006C71D3 = {
			isa = PBXGroup;
			children = (
				12DD79EF2BE6D4FA006C71D3 /* Little Lemon Text Tutorial */,
				12DD7A002BE6D4FC006C71D3 /* Little Lemon Text TutorialTests */,
				12DD7A0A2BE6D4FC006C71D3 /* Little Lemon Text TutorialUITests */,
				12DD79EE2BE6D4FA006C71D3 /* Products */,
			);
			sourceTree = "<group>";
		};
		12DD79EE2BE6D4FA006C71D3 /* Products */ = {
			isa = PBXGroup;
			children = (
				12DD79ED2BE6D4FA006C71D3 /* Little Lemon Text Tutorial.app */,
				12DD79FD2BE6D4FC006C71D3 /* Little Lemon Text TutorialTests.xctest */,
				12DD7A072BE6D4FC006C71D3 /* Little Lemon Text TutorialUITests.xctest */,
			);
			name = Products;
			sourceTree = "<group>";
		};
		12DD79EF2BE6D4FA006C71D3 /* Little Lemon Text Tutorial */ = {
			isa = PBXGroup;
			children = (
				12DD79F02BE6D4FA006C71D3 /* Little_Lemon_Text_TutorialApp.swift */,
				12DD79F22BE6D4FA006C71D3 /* ContentView.swift */,
				12DD7A1E2BE788A1006C71D3 /* ControlsView.swift */,
				12DD7A1C2BE783A0006C71D3 /* MainView.swift */,
				12DD7A1A2BE6D5E4006C71D3 /* ReservationForm.swift */,
				12DD79F42BE6D4FB006C71D3 /* Assets.xcassets */,
				12DD79F62BE6D4FB006C71D3 /* Preview Content */,
			);
			path = "Little Lemon Text Tutorial";
			sourceTree = "<group>";
		};
		12DD79F62BE6D4FB006C71D3 /* Preview Content */ = {
			isa = PBXGroup;
			children = (
				12DD79F72BE6D4FB006C71D3 /* Preview Assets.xcassets */,
			);
			path = "Preview Content";
			sourceTree = "<group>";
		};
		12DD7A002BE6D4FC006C71D3 /* Little Lemon Text TutorialTests */ = {
			isa = PBXGroup;
			children = (
				12DD7A012BE6D4FC006C71D3 /* Little_Lemon_Text_TutorialTests.swift */,
			);
			path = "Little Lemon Text TutorialTests";
			sourceTree = "<group>";
		};
		12DD7A0A2BE6D4FC006C71D3 /* Little Lemon Text TutorialUITests */ = {
			isa = PBXGroup;
			children = (
				12DD7A0B2BE6D4FC006C71D3 /* Little_Lemon_Text_TutorialUITests.swift */,
				12DD7A0D2BE6D4FC006C71D3 /* Little_Lemon_Text_TutorialUITestsLaunchTests.swift */,
			);
			path = "Little Lemon Text TutorialUITests";
			sourceTree = "<group>";
		};
/* End PBXGroup section */

/* Begin PBXNativeTarget section */
		12DD79EC2BE6D4FA006C71D3 /* Little Lemon Text Tutorial */ = {
			isa = PBXNativeTarget;
			buildConfigurationList = 12DD7A112BE6D4FC006C71D3 /* Build configuration list for PBXNativeTarget "Little Lemon Text Tutorial" */;
			buildPhases = (
				12DD79E92BE6D4FA006C71D3 /* Sources */,
				12DD79EA2BE6D4FA006C71D3 /* Frameworks */,
				12DD79EB2BE6D4FA006C71D3 /* Resources */,
			);
			buildRules = (
			);
			dependencies = (
			);
			name = "Little Lemon Text Tutorial";
			productName = "Little Lemon Text Tutorial";
			productReference = 12DD79ED2BE6D4FA006C71D3 /* Little Lemon Text Tutorial.app */;
			productType = "com.apple.product-type.application";
		};
		12DD79FC2BE6D4FC006C71D3 /* Little Lemon Text TutorialTests */ = {
			isa = PBXNativeTarget;
			buildConfigurationList = 12DD7A142BE6D4FC006C71D3 /* Build configuration list for PBXNativeTarget "Little Lemon Text TutorialTests" */;
			buildPhases = (
				12DD79F92BE6D4FC006C71D3 /* Sources */,
				12DD79FA2BE6D4FC006C71D3 /* Frameworks */,
				12DD79FB2BE6D4FC006C71D3 /* Resources */,
			);
			buildRules = (
			);
			dependencies = (
				12DD79FF2BE6D4FC006C71D3 /* PBXTargetDependency */,
			);
			name = "Little Lemon Text TutorialTests";
			productName = "Little Lemon Text TutorialTests";
			productReference = 12DD79FD2BE6D4FC006C71D3 /* Little Lemon Text TutorialTests.xctest */;
			productType = "com.apple.product-type.bundle.unit-test";
		};
		12DD7A062BE6D4FC006C71D3 /* Little Lemon Text TutorialUITests */ = {
			isa = PBXNativeTarget;
			buildConfigurationList = 12DD7A172BE6D4FC006C71D3 /* Build configuration list for PBXNativeTarget "Little Lemon Text TutorialUITests" */;
			buildPhases = (
				12DD7A032BE6D4FC006C71D3 /* Sources */,
				12DD7A042BE6D4FC006C71D3 /* Frameworks */,
				12DD7A052BE6D4FC006C71D3 /* Resources */,
			);
			buildRules = (
			);
			dependencies = (
				12DD7A092BE6D4FC006C71D3 /* PBXTargetDependency */,
			);
			name = "Little Lemon Text TutorialUITests";
			productName = "Little Lemon Text TutorialUITests";
			productReference = 12DD7A072BE6D4FC006C71D3 /* Little Lemon Text TutorialUITests.xctest */;
			productType = "com.apple.product-type.bundle.ui-testing";
		};
/* End PBXNativeTarget section */

/* Begin PBXProject section */
		12DD79E52BE6D4FA006C71D3 /* Project object */ = {
			isa = PBXProject;
			attributes = {
				BuildIndependentTargetsInParallel = 1;
				LastSwiftUpdateCheck = 1530;
				LastUpgradeCheck = 1530;
				TargetAttributes = {
					12DD79EC2BE6D4FA006C71D3 = {
						CreatedOnToolsVersion = 15.3;
					};
					12DD79FC2BE6D4FC006C71D3 = {
						CreatedOnToolsVersion = 15.3;
						TestTargetID = 12DD79EC2BE6D4FA006C71D3;
					};
					12DD7A062BE6D4FC006C71D3 = {
						CreatedOnToolsVersion = 15.3;
						TestTargetID = 12DD79EC2BE6D4FA006C71D3;
					};
				};
			};
			buildConfigurationList = 12DD79E82BE6D4FA006C71D3 /* Build configuration list for PBXProject "Little Lemon Text Tutorial" */;
			compatibilityVersion = "Xcode 14.0";
			developmentRegion = en;
			hasScannedForEncodings = 0;
			knownRegions = (
				en,
				Base,
			);
			mainGroup = 12DD79E42BE6D4FA006C71D3;
			productRefGroup = 12DD79EE2BE6D4FA006C71D3 /* Products */;
			projectDirPath = "";
			projectRoot = "";
			targets = (
				12DD79EC2BE6D4FA006C71D3 /* Little Lemon Text Tutorial */,
				12DD79FC2BE6D4FC006C71D3 /* Little Lemon Text TutorialTests */,
				12DD7A062BE6D4FC006C71D3 /* Little Lemon Text TutorialUITests */,
			);
		};
/* End PBXProject section */

/* Begin PBXResourcesBuildPhase section */
		12DD79EB2BE6D4FA006C71D3 /* Resources */ = {
			isa = PBXResourcesBuildPhase;
			buildActionMask = 2147483647;
			files = (
				12DD79F82BE6D4FB006C71D3 /* Preview Assets.xcassets in Resources */,
				12DD79F52BE6D4FB006C71D3 /* Assets.xcassets in Resources */,
			);
			runOnlyForDeploymentPostprocessing = 0;
		};
		12DD79FB2BE6D4FC006C71D3 /* Resources */ = {
			isa = PBXResourcesBuildPhase;
			buildActionMask = 2147483647;
			files = (
			);
			runOnlyForDeploymentPostprocessing = 0;
		};
		12DD7A052BE6D4FC006C71D3 /* Resources */ = {
			isa = PBXResourcesBuildPhase;
			buildActionMask = 2147483647;
			files = (
			);
			runOnlyForDeploymentPostprocessing = 0;
		};
/* End PBXResourcesBuildPhase section */

/* Begin PBXSourcesBuildPhase section */
		12DD79E92BE6D4FA006C71D3 /* Sources */ = {
			isa = PBXSourcesBuildPhase;
			buildActionMask = 2147483647;
			files = (
				12DD79F32BE6D4FA006C71D3 /* ContentView.swift in Sources */,
				12DD7A1D2BE783A0006C71D3 /* MainView.swift in Sources */,
				12DD79F12BE6D4FA006C71D3 /* Little_Lemon_Text_TutorialApp.swift in Sources */,
				12DD7A1F2BE788A1006C71D3 /* ControlsView.swift in Sources */,
				12DD7A1B2BE6D5E4006C71D3 /* ReservationForm.swift in Sources */,
			);
			runOnlyForDeploymentPostprocessing = 0;
		};
		12DD79F92BE6D4FC006C71D3 /* Sources */ = {
			isa = PBXSourcesBuildPhase;
			buildActionMask = 2147483647;
			files = (
				12DD7A022BE6D4FC006C71D3 /* Little_Lemon_Text_TutorialTests.swift in Sources */,
			);
			runOnlyForDeploymentPostprocessing = 0;
		};
		12DD7A032BE6D4FC006C71D3 /* Sources */ = {
			isa = PBXSourcesBuildPhase;
			buildActionMask = 2147483647;
			files = (
				12DD7A0C2BE6D4FC006C71D3 /* Little_Lemon_Text_TutorialUITests.swift in Sources */,
				12DD7A0E2BE6D4FC006C71D3 /* Little_Lemon_Text_TutorialUITestsLaunchTests.swift in Sources */,
			);
			runOnlyForDeploymentPostprocessing = 0;
		};
/* End PBXSourcesBuildPhase section */

/* Begin PBXTargetDependency section */
		12DD79FF2BE6D4FC006C71D3 /* PBXTargetDependency */ = {
			isa = PBXTargetDependency;
			target = 12DD79EC2BE6D4FA006C71D3 /* Little Lemon Text Tutorial */;
			targetProxy = 12DD79FE2BE6D4FC006C71D3 /* PBXContainerItemProxy */;
		};
		12DD7A092BE6D4FC006C71D3 /* PBXTargetDependency */ = {
			isa = PBXTargetDependency;
			target = 12DD79EC2BE6D4FA006C71D3 /* Little Lemon Text Tutorial */;
			targetProxy = 12DD7A082BE6D4FC006C71D3 /* PBXContainerItemProxy */;
		};
/* End PBXTargetDependency section */

/* Begin XCBuildConfiguration section */
		12DD7A0F2BE6D4FC006C71D3 /* Debug */ = {
			isa = XCBuildConfiguration;
			buildSettings = {
				ALWAYS_SEARCH_USER_PATHS = NO;
				ASSETCATALOG_COMPILER_GENERATE_SWIFT_ASSET_SYMBOL_EXTENSIONS = YES;
				CLANG_ANALYZER_NONNULL = YES;
				CLANG_ANALYZER_NUMBER_OBJECT_CONVERSION = YES_AGGRESSIVE;
				CLANG_CXX_LANGUAGE_STANDARD = "gnu++20";
				CLANG_ENABLE_MODULES = YES;
				CLANG_ENABLE_OBJC_ARC = YES;
				CLANG_ENABLE_OBJC_WEAK = YES;
				CLANG_WARN_BLOCK_CAPTURE_AUTORELEASING = YES;
				CLANG_WARN_BOOL_CONVERSION = YES;
				CLANG_WARN_COMMA = YES;
				CLANG_WARN_CONSTANT_CONVERSION = YES;
				CLANG_WARN_DEPRECATED_OBJC_IMPLEMENTATIONS = YES;
				CLANG_WARN_DIRECT_OBJC_ISA_USAGE = YES_ERROR;
				CLANG_WARN_DOCUMENTATION_COMMENTS = YES;
				CLANG_WARN_EMPTY_BODY = YES;
				CLANG_WARN_ENUM_CONVERSION = YES;
				CLANG_WARN_INFINITE_RECURSION = YES;
				CLANG_WARN_INT_CONVERSION = YES;
				CLANG_WARN_NON_LITERAL_NULL_CONVERSION = YES;
				CLANG_WARN_OBJC_IMPLICIT_RETAIN_SELF = YES;
				CLANG_WARN_OBJC_LITERAL_CONVERSION = YES;
				CLANG_WARN_OBJC_ROOT_CLASS = YES_ERROR;
				CLANG_WARN_QUOTED_INCLUDE_IN_FRAMEWORK_HEADER = YES;
				CLANG_WARN_RANGE_LOOP_ANALYSIS = YES;
				CLANG_WARN_STRICT_PROTOTYPES = YES;
				CLANG_WARN_SUSPICIOUS_MOVE = YES;
				CLANG_WARN_UNGUARDED_AVAILABILITY = YES_AGGRESSIVE;
				CLANG_WARN_UNREACHABLE_CODE = YES;
				CLANG_WARN__DUPLICATE_METHOD_MATCH = YES;
				COPY_PHASE_STRIP = NO;
				DEBUG_INFORMATION_FORMAT = dwarf;
				ENABLE_STRICT_OBJC_MSGSEND = YES;
				ENABLE_TESTABILITY = YES;
				ENABLE_USER_SCRIPT_SANDBOXING = YES;
				GCC_C_LANGUAGE_STANDARD = gnu17;
				GCC_DYNAMIC_NO_PIC = NO;
				GCC_NO_COMMON_BLOCKS = YES;
				GCC_OPTIMIZATION_LEVEL = 0;
				GCC_PREPROCESSOR_DEFINITIONS = (
					"DEBUG=1",
					"$(inherited)",
				);
				GCC_WARN_64_TO_32_BIT_CONVERSION = YES;
				GCC_WARN_ABOUT_RETURN_TYPE = YES_ERROR;
				GCC_WARN_UNDECLARED_SELECTOR = YES;
				GCC_WARN_UNINITIALIZED_AUTOS = YES_AGGRESSIVE;
				GCC_WARN_UNUSED_FUNCTION = YES;
				GCC_WARN_UNUSED_VARIABLE = YES;
				IPHONEOS_DEPLOYMENT_TARGET = 17.4;
				LOCALIZATION_PREFERS_STRING_CATALOGS = YES;
				MTL_ENABLE_DEBUG_INFO = INCLUDE_SOURCE;
				MTL_FAST_MATH = YES;
				ONLY_ACTIVE_ARCH = YES;
				SDKROOT = iphoneos;
				SWIFT_ACTIVE_COMPILATION_CONDITIONS = "DEBUG $(inherited)";
				SWIFT_OPTIMIZATION_LEVEL = "-Onone";
			};
			name = Debug;
		};
		12DD7A102BE6D4FC006C71D3 /* Release */ = {
			isa = XCBuildConfiguration;
			buildSettings = {
				ALWAYS_SEARCH_USER_PATHS = NO;
				ASSETCATALOG_COMPILER_GENERATE_SWIFT_ASSET_SYMBOL_EXTENSIONS = YES;
				CLANG_ANALYZER_NONNULL = YES;
				CLANG_ANALYZER_NUMBER_OBJECT_CONVERSION = YES_AGGRESSIVE;
				CLANG_CXX_LANGUAGE_STANDARD = "gnu++20";
				CLANG_ENABLE_MODULES = YES;
				CLANG_ENABLE_OBJC_ARC = YES;
				CLANG_ENABLE_OBJC_WEAK = YES;
				CLANG_WARN_BLOCK_CAPTURE_AUTORELEASING = YES;
				CLANG_WARN_BOOL_CONVERSION = YES;
				CLANG_WARN_COMMA = YES;
				CLANG_WARN_CONSTANT_CONVERSION = YES;
				CLANG_WARN_DEPRECATED_OBJC_IMPLEMENTATIONS = YES;
				CLANG_WARN_DIRECT_OBJC_ISA_USAGE = YES_ERROR;
				CLANG_WARN_DOCUMENTATION_COMMENTS = YES;
				CLANG_WARN_EMPTY_BODY = YES;
				CLANG_WARN_ENUM_CONVERSION = YES;
				CLANG_WARN_INFINITE_RECURSION = YES;
				CLANG_WARN_INT_CONVERSION = YES;
				CLANG_WARN_NON_LITERAL_NULL_CONVERSION = YES;
				CLANG_WARN_OBJC_IMPLICIT_RETAIN_SELF = YES;
				CLANG_WARN_OBJC_LITERAL_CONVERSION = YES;
				CLANG_WARN_OBJC_ROOT_CLASS = YES_ERROR;
				CLANG_WARN_QUOTED_INCLUDE_IN_FRAMEWORK_HEADER = YES;
				CLANG_WARN_RANGE_LOOP_ANALYSIS = YES;
				CLANG_WARN_STRICT_PROTOTYPES = YES;
				CLANG_WARN_SUSPICIOUS_MOVE = YES;
				CLANG_WARN_UNGUARDED_AVAILABILITY = YES_AGGRESSIVE;
				CLANG_WARN_UNREACHABLE_CODE = YES;
				CLANG_WARN__DUPLICATE_METHOD_MATCH = YES;
				COPY_PHASE_STRIP = NO;
				DEBUG_INFORMATION_FORMAT = "dwarf-with-dsym";
				ENABLE_NS_ASSERTIONS = NO;
				ENABLE_STRICT_OBJC_MSGSEND = YES;
				ENABLE_USER_SCRIPT_SANDBOXING = YES;
				GCC_C_LANGUAGE_STANDARD = gnu17;
				GCC_NO_COMMON_BLOCKS = YES;
				GCC_WARN_64_TO_32_BIT_CONVERSION = YES;
				GCC_WARN_ABOUT_RETURN_TYPE = YES_ERROR;
				GCC_WARN_UNDECLARED_SELECTOR = YES;
				GCC_WARN_UNINITIALIZED_AUTOS = YES_AGGRESSIVE;
				GCC_WARN_UNUSED_FUNCTION = YES;
				GCC_WARN_UNUSED_VARIABLE = YES;
				IPHONEOS_DEPLOYMENT_TARGET = 17.4;
				LOCALIZATION_PREFERS_STRING_CATALOGS = YES;
				MTL_ENABLE_DEBUG_INFO = NO;
				MTL_FAST_MATH = YES;
				SDKROOT = iphoneos;
				SWIFT_COMPILATION_MODE = wholemodule;
				VALIDATE_PRODUCT = YES;
			};
			name = Release;
		};
		12DD7A122BE6D4FC006C71D3 /* Debug */ = {
			isa = XCBuildConfiguration;
			buildSettings = {
				ASSETCATALOG_COMPILER_APPICON_NAME = AppIcon;
				ASSETCATALOG_COMPILER_GLOBAL_ACCENT_COLOR_NAME = AccentColor;
				CODE_SIGN_STYLE = Automatic;
				CURRENT_PROJECT_VERSION = 1;
				DEVELOPMENT_ASSET_PATHS = "\"Little Lemon Text Tutorial/Preview Content\"";
				ENABLE_PREVIEWS = YES;
				GENERATE_INFOPLIST_FILE = YES;
				INFOPLIST_KEY_UIApplicationSceneManifest_Generation = YES;
				INFOPLIST_KEY_UIApplicationSupportsIndirectInputEvents = YES;
				INFOPLIST_KEY_UILaunchScreen_Generation = YES;
				INFOPLIST_KEY_UISupportedInterfaceOrientations_iPad = "UIInterfaceOrientationPortrait UIInterfaceOrientationPortraitUpsideDown UIInterfaceOrientationLandscapeLeft UIInterfaceOrientationLandscapeRight";
				INFOPLIST_KEY_UISupportedInterfaceOrientations_iPhone = "UIInterfaceOrientationPortrait UIInterfaceOrientationLandscapeLeft UIInterfaceOrientationLandscapeRight";
				LD_RUNPATH_SEARCH_PATHS = (
					"$(inherited)",
					"@executable_path/Frameworks",
				);
				MARKETING_VERSION = 1.0;
				PRODUCT_BUNDLE_IDENTIFIER = "Simiel.Little-Lemon-Text-Tutorial";
				PRODUCT_NAME = "$(TARGET_NAME)";
				SWIFT_EMIT_LOC_STRINGS = YES;
				SWIFT_VERSION = 5.0;
				TARGETED_DEVICE_FAMILY = "1,2";
			};
			name = Debug;
		};
		12DD7A132BE6D4FC006C71D3 /* Release */ = {
			isa = XCBuildConfiguration;
			buildSettings = {
				ASSETCATALOG_COMPILER_APPICON_NAME = AppIcon;
				ASSETCATALOG_COMPILER_GLOBAL_ACCENT_COLOR_NAME = AccentColor;
				CODE_SIGN_STYLE = Automatic;
				CURRENT_PROJECT_VERSION = 1;
				DEVELOPMENT_ASSET_PATHS = "\"Little Lemon Text Tutorial/Preview Content\"";
				ENABLE_PREVIEWS = YES;
				GENERATE_INFOPLIST_FILE = YES;
				INFOPLIST_KEY_UIApplicationSceneManifest_Generation = YES;
				INFOPLIST_KEY_UIApplicationSupportsIndirectInputEvents = YES;
				INFOPLIST_KEY_UILaunchScreen_Generation = YES;
				INFOPLIST_KEY_UISupportedInterfaceOrientations_iPad = "UIInterfaceOrientationPortrait UIInterfaceOrientationPortraitUpsideDown UIInterfaceOrientationLandscapeLeft UIInterfaceOrientationLandscapeRight";
				INFOPLIST_KEY_UISupportedInterfaceOrientations_iPhone = "UIInterfaceOrientationPortrait UIInterfaceOrientationLandscapeLeft UIInterfaceOrientationLandscapeRight";
				LD_RUNPATH_SEARCH_PATHS = (
					"$(inherited)",
					"@executable_path/Frameworks",
				);
				MARKETING_VERSION = 1.0;
				PRODUCT_BUNDLE_IDENTIFIER = "Simiel.Little-Lemon-Text-Tutorial";
				PRODUCT_NAME = "$(TARGET_NAME)";
				SWIFT_EMIT_LOC_STRINGS = YES;
				SWIFT_VERSION = 5.0;
				TARGETED_DEVICE_FAMILY = "1,2";
			};
			name = Release;
		};
		12DD7A152BE6D4FC006C71D3 /* Debug */ = {
			isa = XCBuildConfiguration;
			buildSettings = {
				ALWAYS_EMBED_SWIFT_STANDARD_LIBRARIES = YES;
				BUNDLE_LOADER = "$(TEST_HOST)";
				CODE_SIGN_STYLE = Automatic;
				CURRENT_PROJECT_VERSION = 1;
				GENERATE_INFOPLIST_FILE = YES;
				IPHONEOS_DEPLOYMENT_TARGET = 17.4;
				MARKETING_VERSION = 1.0;
				PRODUCT_BUNDLE_IDENTIFIER = "Simiel.Little-Lemon-Text-TutorialTests";
				PRODUCT_NAME = "$(TARGET_NAME)";
				SWIFT_EMIT_LOC_STRINGS = NO;
				SWIFT_VERSION = 5.0;
				TARGETED_DEVICE_FAMILY = "1,2";
				TEST_HOST = "$(BUILT_PRODUCTS_DIR)/Little Lemon Text Tutorial.app/$(BUNDLE_EXECUTABLE_FOLDER_PATH)/Little Lemon Text Tutorial";
			};
			name = Debug;
		};
		12DD7A162BE6D4FC006C71D3 /* Release */ = {
			isa = XCBuildConfiguration;
			buildSettings = {
				ALWAYS_EMBED_SWIFT_STANDARD_LIBRARIES = YES;
				BUNDLE_LOADER = "$(TEST_HOST)";
				CODE_SIGN_STYLE = Automatic;
				CURRENT_PROJECT_VERSION = 1;
				GENERATE_INFOPLIST_FILE = YES;
				IPHONEOS_DEPLOYMENT_TARGET = 17.4;
				MARKETING_VERSION = 1.0;
				PRODUCT_BUNDLE_IDENTIFIER = "Simiel.Little-Lemon-Text-TutorialTests";
				PRODUCT_NAME = "$(TARGET_NAME)";
				SWIFT_EMIT_LOC_STRINGS = NO;
				SWIFT_VERSION = 5.0;
				TARGETED_DEVICE_FAMILY = "1,2";
				TEST_HOST = "$(BUILT_PRODUCTS_DIR)/Little Lemon Text Tutorial.app/$(BUNDLE_EXECUTABLE_FOLDER_PATH)/Little Lemon Text Tutorial";
			};
			name = Release;
		};
		12DD7A182BE6D4FC006C71D3 /* Debug */ = {
			isa = XCBuildConfiguration;
			buildSettings = {
				ALWAYS_EMBED_SWIFT_STANDARD_LIBRARIES = YES;
				CODE_SIGN_STYLE = Automatic;
				CURRENT_PROJECT_VERSION = 1;
				GENERATE_INFOPLIST_FILE = YES;
				MARKETING_VERSION = 1.0;
				PRODUCT_BUNDLE_IDENTIFIER = "Simiel.Little-Lemon-Text-TutorialUITests";
				PRODUCT_NAME = "$(TARGET_NAME)";
				SWIFT_EMIT_LOC_STRINGS = NO;
				SWIFT_VERSION = 5.0;
				TARGETED_DEVICE_FAMILY = "1,2";
				TEST_TARGET_NAME = "Little Lemon Text Tutorial";
			};
			name = Debug;
		};
		12DD7A192BE6D4FC006C71D3 /* Release */ = {
			isa = XCBuildConfiguration;
			buildSettings = {
				ALWAYS_EMBED_SWIFT_STANDARD_LIBRARIES = YES;
				CODE_SIGN_STYLE = Automatic;
				CURRENT_PROJECT_VERSION = 1;
				GENERATE_INFOPLIST_FILE = YES;
				MARKETING_VERSION = 1.0;
				PRODUCT_BUNDLE_IDENTIFIER = "Simiel.Little-Lemon-Text-TutorialUITests";
				PRODUCT_NAME = "$(TARGET_NAME)";
				SWIFT_EMIT_LOC_STRINGS = NO;
				SWIFT_VERSION = 5.0;
				TARGETED_DEVICE_FAMILY = "1,2";
				TEST_TARGET_NAME = "Little Lemon Text Tutorial";
			};
			name = Release;
		};
/* End XCBuildConfiguration section */

/* Begin XCConfigurationList section */
		12DD79E82BE6D4FA006C71D3 /* Build configuration list for PBXProject "Little Lemon Text Tutorial" */ = {
			isa = XCConfigurationList;
			buildConfigurations = (
				12DD7A0F2BE6D4FC006C71D3 /* Debug */,
				12DD7A102BE6D4FC006C71D3 /* Release */,
			);
			defaultConfigurationIsVisible = 0;
			defaultConfigurationName = Release;
		};
		12DD7A112BE6D4FC006C71D3 /* Build configuration list for PBXNativeTarget "Little Lemon Text Tutorial" */ = {
			isa = XCConfigurationList;
			buildConfigurations = (
				12DD7A122BE6D4FC006C71D3 /* Debug */,
				12DD7A132BE6D4FC006C71D3 /* Release */,
			);
			defaultConfigurationIsVisible = 0;
			defaultConfigurationName = Release;
		};
		12DD7A142BE6D4FC006C71D3 /* Build configuration list for PBXNativeTarget "Little Lemon Text TutorialTests" */ = {
			isa = XCConfigurationList;
			buildConfigurations = (
				12DD7A152BE6D4FC006C71D3 /* Debug */,
				12DD7A162BE6D4FC006C71D3 /* Release */,
			);
			defaultConfigurationIsVisible = 0;
			defaultConfigurationName = Release;
		};
		12DD7A172BE6D4FC006C71D3 /* Build configuration list for PBXNativeTarget "Little Lemon Text TutorialUITests" */ = {
			isa = XCConfigurationList;
			buildConfigurations = (
				12DD7A182BE6D4FC006C71D3 /* Debug */,
				12DD7A192BE6D4FC006C71D3 /* Release */,
			);
			defaultConfigurationIsVisible = 0;
			defaultConfigurationName = Release;
		};
/* End XCConfigurationList section */
	};
	rootObject = 12DD79E52BE6D4FA006C71D3 /* Project object */;
}
